
Microsoft Visual Studio Solution File, Format Version 12.00
# Visual Studio Version 16
VisualStudioVersion = 16.0.33801.447
MinimumVisualStudioVersion = 10.0.40219.1
Project("{FAE04EC0-301F-11D3-BF4B-00C04F79EFBC}") = "Factura", "Factura\Factura.csproj", "{FA902D74-6CE8-48FF-98F5-0DCCA731382A}"
EndProject
Global
	GlobalSection(SolutionConfigurationPlatforms) = preSolution
		Debug|Any CPU = Debug|Any CPU
		Release|Any CPU = Release|Any CPU
	EndGlobalSection
	GlobalSection(ProjectConfigurationPlatforms) = postSolution
		{FA902D74-6CE8-48FF-98F5-0DCCA731382A}.Debug|Any CPU.ActiveCfg = Debug|Any CPU
		{FA902D74-6CE8-48FF-98F5-0DCCA731382A}.Debug|Any CPU.Build.0 = Debug|Any CPU
		{FA902D74-6CE8-48FF-98F5-0DCCA731382A}.Release|Any CPU.ActiveCfg = Release|Any CPU
		{FA902D74-6CE8-48FF-98F5-0DCCA731382A}.Release|Any CPU.Build.0 = Release|Any CPU
	EndGlobalSection
	GlobalSection(SolutionProperties) = preSolution
		HideSolutionNode = FALSE
	EndGlobalSection
	GlobalSection(ExtensibilityGlobals) = postSolution
		SolutionGuid = {0E5263F2-6D2E-4AB2-B660-EF24E3EC04C5}
	EndGlobalSection
EndGlobal
